
Microsoft Visual Studio Solution File, Format Version 12.00
# Visual Studio 14
VisualStudioVersion = 14.0.25123.0
MinimumVisualStudioVersion = 10.0.40219.1
Project("{FAE04EC0-301F-11D3-BF4B-00C04F79EFBC}") = "LangCS", "LangCS\LangCS.csproj", "{631747D5-BA75-41CD-951C-DA172221FCAC}"
EndProject
Global
	GlobalSection(SolutionConfigurationPlatforms) = preSolution
		Debug|Any CPU = Debug|Any CPU
		Release|Any CPU = Release|Any CPU
	EndGlobalSection
	GlobalSection(ProjectConfigurationPlatforms) = postSolution
		{631747D5-BA75-41CD-951C-DA172221FCAC}.Debug|Any CPU.ActiveCfg = Debug|Any CPU
		{631747D5-BA75-41CD-951C-DA172221FCAC}.Debug|Any CPU.Build.0 = Debug|Any CPU
		{631747D5-BA75-41CD-951C-DA172221FCAC}.Release|Any CPU.ActiveCfg = Release|Any CPU
		{631747D5-BA75-41CD-951C-DA172221FCAC}.Release|Any CPU.Build.0 = Release|Any CPU
	EndGlobalSection
	GlobalSection(SolutionProperties) = preSolution
		HideSolutionNode = FALSE
	EndGlobalSection
EndGlobal
